
Microsoft Visual Studio Solution File, Format Version 12.00
# Visual Studio Version 17
VisualStudioVersion = 17.14.36301.6 d17.14
MinimumVisualStudioVersion = 10.0.40219.1
Project("{FAE04EC0-301F-11D3-BF4B-00C04F79EFBC}") = "RegistroPersonas", "RegistroPersonas\RegistroPersonas.csproj", "{0776E0DF-D5F4-410E-B1F0-B768E871E721}"
EndProject
Global
	GlobalSection(SolutionConfigurationPlatforms) = preSolution
		Debug|Any CPU = Debug|Any CPU
		Release|Any CPU = Release|Any CPU
	EndGlobalSection
	GlobalSection(ProjectConfigurationPlatforms) = postSolution
		{0776E0DF-D5F4-410E-B1F0-B768E871E721}.Debug|Any CPU.ActiveCfg = Debug|Any CPU
		{0776E0DF-D5F4-410E-B1F0-B768E871E721}.Debug|Any CPU.Build.0 = Debug|Any CPU
		{0776E0DF-D5F4-410E-B1F0-B768E871E721}.Release|Any CPU.ActiveCfg = Release|Any CPU
		{0776E0DF-D5F4-410E-B1F0-B768E871E721}.Release|Any CPU.Build.0 = Release|Any CPU
	EndGlobalSection
	GlobalSection(SolutionProperties) = preSolution
		HideSolutionNode = FALSE
	EndGlobalSection
	GlobalSection(ExtensibilityGlobals) = postSolution
		SolutionGuid = {43B51D5B-2380-4883-A00C-781C49DE5366}
	EndGlobalSection
EndGlobal
